// !$*UTF8*$!
{
	archiveVersion = 1;
	classes = {
	};
	objectVersion = 46;
	objects = {

/* Begin PBXBuildFile section */
		3F593F0C1D0603A50059745D /* addButtonView.swift in Sources */ = {isa = PBXBuildFile; fileRef = 3F593F0B1D0603A50059745D /* addButtonView.swift */; };
		3F593F321D099F780059745D /* NotificationViewController.swift in Sources */ = {isa = PBXBuildFile; fileRef = 3F593F311D099F780059745D /* NotificationViewController.swift */; };
		3F593F521D09A02A0059745D /* AsyncButton.swift in Sources */ = {isa = PBXBuildFile; fileRef = 3F593F341D09A02A0059745D /* AsyncButton.swift */; };
		3F593F531D09A02A0059745D /* AsyncImageView.swift in Sources */ = {isa = PBXBuildFile; fileRef = 3F593F351D09A02A0059745D /* AsyncImageView.swift */; };
		3F593F541D09A02A0059745D /* AutoTextView.swift in Sources */ = {isa = PBXBuildFile; fileRef = 3F593F361D09A02A0059745D /* AutoTextView.swift */; };
		3F593F551D09A02A0059745D /* BlurView.swift in Sources */ = {isa = PBXBuildFile; fileRef = 3F593F371D09A02A0059745D /* BlurView.swift */; };
		3F593F561D09A02A0059745D /* DesignableButton.swift in Sources */ = {isa = PBXBuildFile; fileRef = 3F593F381D09A02A0059745D /* DesignableButton.swift */; };
		3F593F571D09A02A0059745D /* DesignableImageView.swift in Sources */ = {isa = PBXBuildFile; fileRef = 3F593F391D09A02A0059745D /* DesignableImageView.swift */; };
		3F593F581D09A02A0059745D /* DesignableLabel.swift in Sources */ = {isa = PBXBuildFile; fileRef = 3F593F3A1D09A02A0059745D /* DesignableLabel.swift */; };
		3F593F591D09A02A0059745D /* DesignableTabBarController.swift in Sources */ = {isa = PBXBuildFile; fileRef = 3F593F3B1D09A02A0059745D /* DesignableTabBarController.swift */; };
		3F593F5A1D09A02A0059745D /* DesignableTextField.swift in Sources */ = {isa = PBXBuildFile; fileRef = 3F593F3C1D09A02A0059745D /* DesignableTextField.swift */; };
		3F593F5B1D09A02A0059745D /* DesignableTextView.swift in Sources */ = {isa = PBXBuildFile; fileRef = 3F593F3D1D09A02A0059745D /* DesignableTextView.swift */; };
		3F593F5C1D09A02A0059745D /* DesignableView.swift in Sources */ = {isa = PBXBuildFile; fileRef = 3F593F3E1D09A02A0059745D /* DesignableView.swift */; };
		3F593F5D1D09A02A0059745D /* ImageLoader.swift in Sources */ = {isa = PBXBuildFile; fileRef = 3F593F3F1D09A02A0059745D /* ImageLoader.swift */; };
		3F593F5E1D09A02A0059745D /* Info.plist in Resources */ = {isa = PBXBuildFile; fileRef = 3F593F401D09A02A0059745D /* Info.plist */; };
		3F593F5F1D09A02A0059745D /* KeyboardLayoutConstraint.swift in Sources */ = {isa = PBXBuildFile; fileRef = 3F593F411D09A02A0059745D /* KeyboardLayoutConstraint.swift */; };
		3F593F601D09A02A0059745D /* LoadingView.swift in Sources */ = {isa = PBXBuildFile; fileRef = 3F593F421D09A02A0059745D /* LoadingView.swift */; };
		3F593F611D09A02A0059745D /* LoadingView.xib in Resources */ = {isa = PBXBuildFile; fileRef = 3F593F431D09A02A0059745D /* LoadingView.xib */; };
		3F593F621D09A02A0059745D /* Misc.swift in Sources */ = {isa = PBXBuildFile; fileRef = 3F593F441D09A02A0059745D /* Misc.swift */; };
		3F593F631D09A02A0059745D /* SoundPlayer.swift in Sources */ = {isa = PBXBuildFile; fileRef = 3F593F451D09A02A0059745D /* SoundPlayer.swift */; };
		3F593F641D09A02A0059745D /* Spring.swift in Sources */ = {isa = PBXBuildFile; fileRef = 3F593F471D09A02A0059745D /* Spring.swift */; };
		3F593F651D09A02A0059745D /* SpringAnimation.swift in Sources */ = {isa = PBXBuildFile; fileRef = 3F593F481D09A02A0059745D /* SpringAnimation.swift */; };
		3F593F661D09A02A0059745D /* SpringButton.swift in Sources */ = {isa = PBXBuildFile; fileRef = 3F593F491D09A02A0059745D /* SpringButton.swift */; };
		3F593F671D09A02A0059745D /* SpringImageView.swift in Sources */ = {isa = PBXBuildFile; fileRef = 3F593F4A1D09A02A0059745D /* SpringImageView.swift */; };
		3F593F681D09A02A0059745D /* SpringLabel.swift in Sources */ = {isa = PBXBuildFile; fileRef = 3F593F4B1D09A02A0059745D /* SpringLabel.swift */; };
		3F593F691D09A02A0059745D /* SpringTextField.swift in Sources */ = {isa = PBXBuildFile; fileRef = 3F593F4C1D09A02A0059745D /* SpringTextField.swift */; };
		3F593F6A1D09A02A0059745D /* SpringTextView.swift in Sources */ = {isa = PBXBuildFile; fileRef = 3F593F4D1D09A02A0059745D /* SpringTextView.swift */; };
		3F593F6B1D09A02A0059745D /* SpringView.swift in Sources */ = {isa = PBXBuildFile; fileRef = 3F593F4E1D09A02A0059745D /* SpringView.swift */; };
		3F593F6C1D09A02A0059745D /* TransitionManager.swift in Sources */ = {isa = PBXBuildFile; fileRef = 3F593F4F1D09A02A0059745D /* TransitionManager.swift */; };
		3F593F6D1D09A02A0059745D /* TransitionZoom.swift in Sources */ = {isa = PBXBuildFile; fileRef = 3F593F501D09A02A0059745D /* TransitionZoom.swift */; };
		3F593F6E1D09A02A0059745D /* UnwindSegue.swift in Sources */ = {isa = PBXBuildFile; fileRef = 3F593F511D09A02A0059745D /* UnwindSegue.swift */; };
		3F593F781D09B4750059745D /* TPKeyboardAvoidingCollectionView.m in Sources */ = {isa = PBXBuildFile; fileRef = 3F593F711D09B4750059745D /* TPKeyboardAvoidingCollectionView.m */; };
		3F593F791D09B4750059745D /* TPKeyboardAvoidingScrollView.m in Sources */ = {isa = PBXBuildFile; fileRef = 3F593F731D09B4750059745D /* TPKeyboardAvoidingScrollView.m */; };
		3F593F7A1D09B4750059745D /* TPKeyboardAvoidingTableView.m in Sources */ = {isa = PBXBuildFile; fileRef = 3F593F751D09B4750059745D /* TPKeyboardAvoidingTableView.m */; };
		3F593F7B1D09B4750059745D /* UIScrollView+TPKeyboardAvoidingAdditions.m in Sources */ = {isa = PBXBuildFile; fileRef = 3F593F771D09B4750059745D /* UIScrollView+TPKeyboardAvoidingAdditions.m */; };
		3F593F7D1D09C7000059745D /* FriendListViewController.swift in Sources */ = {isa = PBXBuildFile; fileRef = 3F593F7C1D09C7000059745D /* FriendListViewController.swift */; };
		3F593F7F1D09EE420059745D /* BigNotifView.swift in Sources */ = {isa = PBXBuildFile; fileRef = 3F593F7E1D09EE420059745D /* BigNotifView.swift */; };
		3F72D5431CF8A7C400EA43AF /* KaputStyleFactory.swift in Sources */ = {isa = PBXBuildFile; fileRef = 3F72D5421CF8A7C400EA43AF /* KaputStyleFactory.swift */; };
		3F72E3201D05CE1B00B44336 /* numberOfNotifications.swift in Sources */ = {isa = PBXBuildFile; fileRef = 3F72E31F1D05CE1B00B44336 /* numberOfNotifications.swift */; };
		3F7A12251CF888AD00AAD538 /* Futura_condensed_bold_oblique.ttf in Resources */ = {isa = PBXBuildFile; fileRef = 3F7A12241CF8888C00AAD538 /* Futura_condensed_bold_oblique.ttf */; };
		3F7A12271CF88CB800AAD538 /* logoKaput.swift in Sources */ = {isa = PBXBuildFile; fileRef = 3F7A12261CF88CB800AAD538 /* logoKaput.swift */; };
		3FB496D11D0C8E17007AF1C8 /* AddFriendViewController.swift in Sources */ = {isa = PBXBuildFile; fileRef = 3FB496D01D0C8E17007AF1C8 /* AddFriendViewController.swift */; };
		3FB496D51D0CF69E007AF1C8 /* FirebaseDataService.swift in Sources */ = {isa = PBXBuildFile; fileRef = 3FB496D41D0CF69E007AF1C8 /* FirebaseDataService.swift */; };
		3FD1633B1CF8515200862C77 /* KaputStyle.swift in Sources */ = {isa = PBXBuildFile; fileRef = 3FD1633A1CF8515200862C77 /* KaputStyle.swift */; };
		3FEDBC9C1CFEDB5600A6C6C1 /* SignUpViewController.swift in Sources */ = {isa = PBXBuildFile; fileRef = 3FEDBC9B1CFEDB5600A6C6C1 /* SignUpViewController.swift */; };
		3FEDBC9E1CFEDB9C00A6C6C1 /* SignInViewController.swift in Sources */ = {isa = PBXBuildFile; fileRef = 3FEDBC9D1CFEDB9C00A6C6C1 /* SignInViewController.swift */; };
		3FEDBCA01CFEDFB700A6C6C1 /* kaputButton.swift in Sources */ = {isa = PBXBuildFile; fileRef = 3FEDBC9F1CFEDFB700A6C6C1 /* kaputButton.swift */; };
		3FEDBCA21CFEE24000A6C6C1 /* kaputField.swift in Sources */ = {isa = PBXBuildFile; fileRef = 3FEDBCA11CFEE24000A6C6C1 /* kaputField.swift */; };
		3FEDBCA61CFEFF0700A6C6C1 /* backButtonView.swift in Sources */ = {isa = PBXBuildFile; fileRef = 3FEDBCA51CFEFF0700A6C6C1 /* backButtonView.swift */; };
		3FEDBCA81CFF21FA00A6C6C1 /* kaputPrimaryButton.swift in Sources */ = {isa = PBXBuildFile; fileRef = 3FEDBCA71CFF21FA00A6C6C1 /* kaputPrimaryButton.swift */; };
		3FEDBCAA1CFF253C00A6C6C1 /* kaputSecondaryButton.swift in Sources */ = {isa = PBXBuildFile; fileRef = 3FEDBCA91CFF253C00A6C6C1 /* kaputSecondaryButton.swift */; };
		3FEDBCAE1CFF5C0900A6C6C1 /* AppIcon.appiconset in Resources */ = {isa = PBXBuildFile; fileRef = 3FEDBCAD1CFF5C0900A6C6C1 /* AppIcon.appiconset */; };
		3FFAE4A31D10AA26008DE0C6 /* (null) in Embed Frameworks */ = {isa = PBXBuildFile; settings = {ATTRIBUTES = (CodeSignOnCopy, RemoveHeadersOnCopy, ); }; };
		89139D921CF762D000DF4941 /* AppDelegate.swift in Sources */ = {isa = PBXBuildFile; fileRef = 89139D911CF762D000DF4941 /* AppDelegate.swift */; };
		89139D941CF762D000DF4941 /* ViewController.swift in Sources */ = {isa = PBXBuildFile; fileRef = 89139D931CF762D000DF4941 /* ViewController.swift */; };
		89139D991CF762D000DF4941 /* Assets.xcassets in Resources */ = {isa = PBXBuildFile; fileRef = 89139D981CF762D000DF4941 /* Assets.xcassets */; };
		89139D9C1CF762D000DF4941 /* LaunchScreen.storyboard in Resources */ = {isa = PBXBuildFile; fileRef = 89139D9A1CF762D000DF4941 /* LaunchScreen.storyboard */; };
		89139DA61CF7633800DF4941 /* GoogleService-Info.plist in Resources */ = {isa = PBXBuildFile; fileRef = 89139DA51CF7633800DF4941 /* GoogleService-Info.plist */; };
		89139DA81CF7636000DF4941 /* GoogleService-Info.plist in Resources */ = {isa = PBXBuildFile; fileRef = 89139DA71CF7636000DF4941 /* GoogleService-Info.plist */; };
		8933D5E71D021F05006444E5 /* Main.storyboard in Resources */ = {isa = PBXBuildFile; fileRef = 8933D5E61D021F05006444E5 /* Main.storyboard */; };
		FF3F20B46AE3186AFF6062FA /* Pods_kaput.framework in Frameworks */ = {isa = PBXBuildFile; fileRef = 343090DFF4A1FC165568DCF6 /* Pods_kaput.framework */; };
/* End PBXBuildFile section */

/* Begin PBXCopyFilesBuildPhase section */
		3FFAE4A41D10AA27008DE0C6 /* Embed Frameworks */ = {
			isa = PBXCopyFilesBuildPhase;
			buildActionMask = 2147483647;
			dstPath = "";
			dstSubfolderSpec = 10;
			files = (
				3FFAE4A31D10AA26008DE0C6 /* (null) in Embed Frameworks */,
			);
			name = "Embed Frameworks";
			runOnlyForDeploymentPostprocessing = 0;
		};
/* End PBXCopyFilesBuildPhase section */

/* Begin PBXFileReference section */
		2D3115685CE2B368AB11377B /* Pods-kaput.debug.xcconfig */ = {isa = PBXFileReference; includeInIndex = 1; lastKnownFileType = text.xcconfig; name = "Pods-kaput.debug.xcconfig"; path = "Pods/Target Support Files/Pods-kaput/Pods-kaput.debug.xcconfig"; sourceTree = "<group>"; };
		343090DFF4A1FC165568DCF6 /* Pods_kaput.framework */ = {isa = PBXFileReference; explicitFileType = wrapper.framework; includeInIndex = 0; path = Pods_kaput.framework; sourceTree = BUILT_PRODUCTS_DIR; };
		3F593F0B1D0603A50059745D /* addButtonView.swift */ = {isa = PBXFileReference; fileEncoding = 4; lastKnownFileType = sourcecode.swift; path = addButtonView.swift; sourceTree = "<group>"; };
		3F593F311D099F780059745D /* NotificationViewController.swift */ = {isa = PBXFileReference; fileEncoding = 4; lastKnownFileType = sourcecode.swift; path = NotificationViewController.swift; sourceTree = "<group>"; };
		3F593F341D09A02A0059745D /* AsyncButton.swift */ = {isa = PBXFileReference; fileEncoding = 4; lastKnownFileType = sourcecode.swift; path = AsyncButton.swift; sourceTree = "<group>"; };
		3F593F351D09A02A0059745D /* AsyncImageView.swift */ = {isa = PBXFileReference; fileEncoding = 4; lastKnownFileType = sourcecode.swift; path = AsyncImageView.swift; sourceTree = "<group>"; };
		3F593F361D09A02A0059745D /* AutoTextView.swift */ = {isa = PBXFileReference; fileEncoding = 4; lastKnownFileType = sourcecode.swift; path = AutoTextView.swift; sourceTree = "<group>"; };
		3F593F371D09A02A0059745D /* BlurView.swift */ = {isa = PBXFileReference; fileEncoding = 4; lastKnownFileType = sourcecode.swift; path = BlurView.swift; sourceTree = "<group>"; };
		3F593F381D09A02A0059745D /* DesignableButton.swift */ = {isa = PBXFileReference; fileEncoding = 4; lastKnownFileType = sourcecode.swift; path = DesignableButton.swift; sourceTree = "<group>"; };
		3F593F391D09A02A0059745D /* DesignableImageView.swift */ = {isa = PBXFileReference; fileEncoding = 4; lastKnownFileType = sourcecode.swift; path = DesignableImageView.swift; sourceTree = "<group>"; };
		3F593F3A1D09A02A0059745D /* DesignableLabel.swift */ = {isa = PBXFileReference; fileEncoding = 4; lastKnownFileType = sourcecode.swift; path = DesignableLabel.swift; sourceTree = "<group>"; };
		3F593F3B1D09A02A0059745D /* DesignableTabBarController.swift */ = {isa = PBXFileReference; fileEncoding = 4; lastKnownFileType = sourcecode.swift; path = DesignableTabBarController.swift; sourceTree = "<group>"; };
		3F593F3C1D09A02A0059745D /* DesignableTextField.swift */ = {isa = PBXFileReference; fileEncoding = 4; lastKnownFileType = sourcecode.swift; path = DesignableTextField.swift; sourceTree = "<group>"; };
		3F593F3D1D09A02A0059745D /* DesignableTextView.swift */ = {isa = PBXFileReference; fileEncoding = 4; lastKnownFileType = sourcecode.swift; path = DesignableTextView.swift; sourceTree = "<group>"; };
		3F593F3E1D09A02A0059745D /* DesignableView.swift */ = {isa = PBXFileReference; fileEncoding = 4; lastKnownFileType = sourcecode.swift; path = DesignableView.swift; sourceTree = "<group>"; };
		3F593F3F1D09A02A0059745D /* ImageLoader.swift */ = {isa = PBXFileReference; fileEncoding = 4; lastKnownFileType = sourcecode.swift; path = ImageLoader.swift; sourceTree = "<group>"; };
		3F593F401D09A02A0059745D /* Info.plist */ = {isa = PBXFileReference; fileEncoding = 4; lastKnownFileType = text.plist.xml; path = Info.plist; sourceTree = "<group>"; };
		3F593F411D09A02A0059745D /* KeyboardLayoutConstraint.swift */ = {isa = PBXFileReference; fileEncoding = 4; lastKnownFileType = sourcecode.swift; path = KeyboardLayoutConstraint.swift; sourceTree = "<group>"; };
		3F593F421D09A02A0059745D /* LoadingView.swift */ = {isa = PBXFileReference; fileEncoding = 4; lastKnownFileType = sourcecode.swift; path = LoadingView.swift; sourceTree = "<group>"; };
		3F593F431D09A02A0059745D /* LoadingView.xib */ = {isa = PBXFileReference; fileEncoding = 4; lastKnownFileType = file.xib; path = LoadingView.xib; sourceTree = "<group>"; };
		3F593F441D09A02A0059745D /* Misc.swift */ = {isa = PBXFileReference; fileEncoding = 4; lastKnownFileType = sourcecode.swift; path = Misc.swift; sourceTree = "<group>"; };
		3F593F451D09A02A0059745D /* SoundPlayer.swift */ = {isa = PBXFileReference; fileEncoding = 4; lastKnownFileType = sourcecode.swift; path = SoundPlayer.swift; sourceTree = "<group>"; };
		3F593F461D09A02A0059745D /* Spring.h */ = {isa = PBXFileReference; fileEncoding = 4; lastKnownFileType = sourcecode.c.h; path = Spring.h; sourceTree = "<group>"; };
		3F593F471D09A02A0059745D /* Spring.swift */ = {isa = PBXFileReference; fileEncoding = 4; lastKnownFileType = sourcecode.swift; path = Spring.swift; sourceTree = "<group>"; };
		3F593F481D09A02A0059745D /* SpringAnimation.swift */ = {isa = PBXFileReference; fileEncoding = 4; lastKnownFileType = sourcecode.swift; path = SpringAnimation.swift; sourceTree = "<group>"; };
		3F593F491D09A02A0059745D /* SpringButton.swift */ = {isa = PBXFileReference; fileEncoding = 4; lastKnownFileType = sourcecode.swift; path = SpringButton.swift; sourceTree = "<group>"; };
		3F593F4A1D09A02A0059745D /* SpringImageView.swift */ = {isa = PBXFileReference; fileEncoding = 4; lastKnownFileType = sourcecode.swift; path = SpringImageView.swift; sourceTree = "<group>"; };
		3F593F4B1D09A02A0059745D /* SpringLabel.swift */ = {isa = PBXFileReference; fileEncoding = 4; lastKnownFileType = sourcecode.swift; path = SpringLabel.swift; sourceTree = "<group>"; };
		3F593F4C1D09A02A0059745D /* SpringTextField.swift */ = {isa = PBXFileReference; fileEncoding = 4; lastKnownFileType = sourcecode.swift; path = SpringTextField.swift; sourceTree = "<group>"; };
		3F593F4D1D09A02A0059745D /* SpringTextView.swift */ = {isa = PBXFileReference; fileEncoding = 4; lastKnownFileType = sourcecode.swift; path = SpringTextView.swift; sourceTree = "<group>"; };
		3F593F4E1D09A02A0059745D /* SpringView.swift */ = {isa = PBXFileReference; fileEncoding = 4; lastKnownFileType = sourcecode.swift; path = SpringView.swift; sourceTree = "<group>"; };
		3F593F4F1D09A02A0059745D /* TransitionManager.swift */ = {isa = PBXFileReference; fileEncoding = 4; lastKnownFileType = sourcecode.swift; path = TransitionManager.swift; sourceTree = "<group>"; };
		3F593F501D09A02A0059745D /* TransitionZoom.swift */ = {isa = PBXFileReference; fileEncoding = 4; lastKnownFileType = sourcecode.swift; path = TransitionZoom.swift; sourceTree = "<group>"; };
		3F593F511D09A02A0059745D /* UnwindSegue.swift */ = {isa = PBXFileReference; fileEncoding = 4; lastKnownFileType = sourcecode.swift; path = UnwindSegue.swift; sourceTree = "<group>"; };
		3F593F701D09B4750059745D /* TPKeyboardAvoidingCollectionView.h */ = {isa = PBXFileReference; fileEncoding = 4; lastKnownFileType = sourcecode.c.h; path = TPKeyboardAvoidingCollectionView.h; sourceTree = "<group>"; };
		3F593F711D09B4750059745D /* TPKeyboardAvoidingCollectionView.m */ = {isa = PBXFileReference; fileEncoding = 4; lastKnownFileType = sourcecode.c.objc; path = TPKeyboardAvoidingCollectionView.m; sourceTree = "<group>"; };
		3F593F721D09B4750059745D /* TPKeyboardAvoidingScrollView.h */ = {isa = PBXFileReference; fileEncoding = 4; lastKnownFileType = sourcecode.c.h; path = TPKeyboardAvoidingScrollView.h; sourceTree = "<group>"; };
		3F593F731D09B4750059745D /* TPKeyboardAvoidingScrollView.m */ = {isa = PBXFileReference; fileEncoding = 4; lastKnownFileType = sourcecode.c.objc; path = TPKeyboardAvoidingScrollView.m; sourceTree = "<group>"; };
		3F593F741D09B4750059745D /* TPKeyboardAvoidingTableView.h */ = {isa = PBXFileReference; fileEncoding = 4; lastKnownFileType = sourcecode.c.h; path = TPKeyboardAvoidingTableView.h; sourceTree = "<group>"; };
		3F593F751D09B4750059745D /* TPKeyboardAvoidingTableView.m */ = {isa = PBXFileReference; fileEncoding = 4; lastKnownFileType = sourcecode.c.objc; path = TPKeyboardAvoidingTableView.m; sourceTree = "<group>"; };
		3F593F761D09B4750059745D /* UIScrollView+TPKeyboardAvoidingAdditions.h */ = {isa = PBXFileReference; fileEncoding = 4; lastKnownFileType = sourcecode.c.h; path = "UIScrollView+TPKeyboardAvoidingAdditions.h"; sourceTree = "<group>"; };
		3F593F771D09B4750059745D /* UIScrollView+TPKeyboardAvoidingAdditions.m */ = {isa = PBXFileReference; fileEncoding = 4; lastKnownFileType = sourcecode.c.objc; path = "UIScrollView+TPKeyboardAvoidingAdditions.m"; sourceTree = "<group>"; };
		3F593F7C1D09C7000059745D /* FriendListViewController.swift */ = {isa = PBXFileReference; fileEncoding = 4; lastKnownFileType = sourcecode.swift; path = FriendListViewController.swift; sourceTree = "<group>"; };
		3F593F7E1D09EE420059745D /* BigNotifView.swift */ = {isa = PBXFileReference; fileEncoding = 4; lastKnownFileType = sourcecode.swift; path = BigNotifView.swift; sourceTree = "<group>"; };
		3F72D5421CF8A7C400EA43AF /* KaputStyleFactory.swift */ = {isa = PBXFileReference; fileEncoding = 4; lastKnownFileType = sourcecode.swift; path = KaputStyleFactory.swift; sourceTree = "<group>"; };
		3F72E31F1D05CE1B00B44336 /* numberOfNotifications.swift */ = {isa = PBXFileReference; fileEncoding = 4; lastKnownFileType = sourcecode.swift; path = numberOfNotifications.swift; sourceTree = "<group>"; };
		3F7A12241CF8888C00AAD538 /* Futura_condensed_bold_oblique.ttf */ = {isa = PBXFileReference; lastKnownFileType = file; path = Futura_condensed_bold_oblique.ttf; sourceTree = "<group>"; };
		3F7A12261CF88CB800AAD538 /* logoKaput.swift */ = {isa = PBXFileReference; fileEncoding = 4; lastKnownFileType = sourcecode.swift; path = logoKaput.swift; sourceTree = "<group>"; };
		3FB496D01D0C8E17007AF1C8 /* AddFriendViewController.swift */ = {isa = PBXFileReference; fileEncoding = 4; lastKnownFileType = sourcecode.swift; path = AddFriendViewController.swift; sourceTree = "<group>"; };
		3FB496D41D0CF69E007AF1C8 /* FirebaseDataService.swift */ = {isa = PBXFileReference; fileEncoding = 4; lastKnownFileType = sourcecode.swift; path = FirebaseDataService.swift; sourceTree = "<group>"; };
		3FD1633A1CF8515200862C77 /* KaputStyle.swift */ = {isa = PBXFileReference; fileEncoding = 4; lastKnownFileType = sourcecode.swift; path = KaputStyle.swift; sourceTree = "<group>"; };
		3FEDBC9B1CFEDB5600A6C6C1 /* SignUpViewController.swift */ = {isa = PBXFileReference; fileEncoding = 4; lastKnownFileType = sourcecode.swift; path = SignUpViewController.swift; sourceTree = "<group>"; };
		3FEDBC9D1CFEDB9C00A6C6C1 /* SignInViewController.swift */ = {isa = PBXFileReference; fileEncoding = 4; lastKnownFileType = sourcecode.swift; path = SignInViewController.swift; sourceTree = "<group>"; };
		3FEDBC9F1CFEDFB700A6C6C1 /* kaputButton.swift */ = {isa = PBXFileReference; fileEncoding = 4; lastKnownFileType = sourcecode.swift; path = kaputButton.swift; sourceTree = "<group>"; };
		3FEDBCA11CFEE24000A6C6C1 /* kaputField.swift */ = {isa = PBXFileReference; fileEncoding = 4; lastKnownFileType = sourcecode.swift; path = kaputField.swift; sourceTree = "<group>"; };
		3FEDBCA51CFEFF0700A6C6C1 /* backButtonView.swift */ = {isa = PBXFileReference; fileEncoding = 4; lastKnownFileType = sourcecode.swift; path = backButtonView.swift; sourceTree = "<group>"; };
		3FEDBCA71CFF21FA00A6C6C1 /* kaputPrimaryButton.swift */ = {isa = PBXFileReference; fileEncoding = 4; lastKnownFileType = sourcecode.swift; path = kaputPrimaryButton.swift; sourceTree = "<group>"; };
		3FEDBCA91CFF253C00A6C6C1 /* kaputSecondaryButton.swift */ = {isa = PBXFileReference; fileEncoding = 4; lastKnownFileType = sourcecode.swift; path = kaputSecondaryButton.swift; sourceTree = "<group>"; };
		3FEDBCAD1CFF5C0900A6C6C1 /* AppIcon.appiconset */ = {isa = PBXFileReference; lastKnownFileType = folder; path = AppIcon.appiconset; sourceTree = "<group>"; };
		5FEC6DC235DC1FE3BCCBB6AA /* Pods-kaput.release.xcconfig */ = {isa = PBXFileReference; includeInIndex = 1; lastKnownFileType = text.xcconfig; name = "Pods-kaput.release.xcconfig"; path = "Pods/Target Support Files/Pods-kaput/Pods-kaput.release.xcconfig"; sourceTree = "<group>"; };
		89139D8E1CF762D000DF4941 /* kaput.app */ = {isa = PBXFileReference; explicitFileType = wrapper.application; includeInIndex = 0; path = kaput.app; sourceTree = BUILT_PRODUCTS_DIR; };
		89139D911CF762D000DF4941 /* AppDelegate.swift */ = {isa = PBXFileReference; lastKnownFileType = sourcecode.swift; path = AppDelegate.swift; sourceTree = "<group>"; };
		89139D931CF762D000DF4941 /* ViewController.swift */ = {isa = PBXFileReference; lastKnownFileType = sourcecode.swift; path = ViewController.swift; sourceTree = "<group>"; };
		89139D981CF762D000DF4941 /* Assets.xcassets */ = {isa = PBXFileReference; lastKnownFileType = folder.assetcatalog; path = Assets.xcassets; sourceTree = "<group>"; };
		89139D9B1CF762D000DF4941 /* Base */ = {isa = PBXFileReference; lastKnownFileType = file.storyboard; name = Base; path = Base.lproj/LaunchScreen.storyboard; sourceTree = "<group>"; };
		89139D9D1CF762D000DF4941 /* Info.plist */ = {isa = PBXFileReference; lastKnownFileType = text.plist.xml; path = Info.plist; sourceTree = "<group>"; };
		89139DA51CF7633800DF4941 /* GoogleService-Info.plist */ = {isa = PBXFileReference; fileEncoding = 4; lastKnownFileType = text.plist.xml; name = "GoogleService-Info.plist"; path = "../GoogleService-Info.plist"; sourceTree = "<group>"; };
		89139DA71CF7636000DF4941 /* GoogleService-Info.plist */ = {isa = PBXFileReference; fileEncoding = 4; lastKnownFileType = text.plist.xml; path = "GoogleService-Info.plist"; sourceTree = "<group>"; };
		8933D5E61D021F05006444E5 /* Main.storyboard */ = {isa = PBXFileReference; fileEncoding = 4; lastKnownFileType = file.storyboard; path = Main.storyboard; sourceTree = "<group>"; };
/* End PBXFileReference section */

/* Begin PBXFrameworksBuildPhase section */
		89139D8B1CF762D000DF4941 /* Frameworks */ = {
			isa = PBXFrameworksBuildPhase;
			buildActionMask = 2147483647;
			files = (
				FF3F20B46AE3186AFF6062FA /* Pods_kaput.framework in Frameworks */,
			);
			runOnlyForDeploymentPostprocessing = 0;
		};
/* End PBXFrameworksBuildPhase section */

/* Begin PBXGroup section */
		1866139DC5AABD367B436585 /* Frameworks */ = {
			isa = PBXGroup;
			children = (
				3F593F6F1D09B4750059745D /* TPKeyboardAvoiding */,
				3F593F331D09A02A0059745D /* Spring */,
				343090DFF4A1FC165568DCF6 /* Pods_kaput.framework */,
			);
			name = Frameworks;
			sourceTree = "<group>";
		};
		3F593F331D09A02A0059745D /* Spring */ = {
			isa = PBXGroup;
			children = (
				3F593F341D09A02A0059745D /* AsyncButton.swift */,
				3F593F351D09A02A0059745D /* AsyncImageView.swift */,
				3F593F361D09A02A0059745D /* AutoTextView.swift */,
				3F593F371D09A02A0059745D /* BlurView.swift */,
				3F593F381D09A02A0059745D /* DesignableButton.swift */,
				3F593F391D09A02A0059745D /* DesignableImageView.swift */,
				3F593F3A1D09A02A0059745D /* DesignableLabel.swift */,
				3F593F3B1D09A02A0059745D /* DesignableTabBarController.swift */,
				3F593F3C1D09A02A0059745D /* DesignableTextField.swift */,
				3F593F3D1D09A02A0059745D /* DesignableTextView.swift */,
				3F593F3E1D09A02A0059745D /* DesignableView.swift */,
				3F593F3F1D09A02A0059745D /* ImageLoader.swift */,
				3F593F401D09A02A0059745D /* Info.plist */,
				3F593F411D09A02A0059745D /* KeyboardLayoutConstraint.swift */,
				3F593F421D09A02A0059745D /* LoadingView.swift */,
				3F593F431D09A02A0059745D /* LoadingView.xib */,
				3F593F441D09A02A0059745D /* Misc.swift */,
				3F593F451D09A02A0059745D /* SoundPlayer.swift */,
				3F593F461D09A02A0059745D /* Spring.h */,
				3F593F471D09A02A0059745D /* Spring.swift */,
				3F593F481D09A02A0059745D /* SpringAnimation.swift */,
				3F593F491D09A02A0059745D /* SpringButton.swift */,
				3F593F4A1D09A02A0059745D /* SpringImageView.swift */,
				3F593F4B1D09A02A0059745D /* SpringLabel.swift */,
				3F593F4C1D09A02A0059745D /* SpringTextField.swift */,
				3F593F4D1D09A02A0059745D /* SpringTextView.swift */,
				3F593F4E1D09A02A0059745D /* SpringView.swift */,
				3F593F4F1D09A02A0059745D /* TransitionManager.swift */,
				3F593F501D09A02A0059745D /* TransitionZoom.swift */,
				3F593F511D09A02A0059745D /* UnwindSegue.swift */,
			);
			path = Spring;
			sourceTree = "<group>";
		};
		3F593F6F1D09B4750059745D /* TPKeyboardAvoiding */ = {
			isa = PBXGroup;
			children = (
				3F593F701D09B4750059745D /* TPKeyboardAvoidingCollectionView.h */,
				3F593F711D09B4750059745D /* TPKeyboardAvoidingCollectionView.m */,
				3F593F721D09B4750059745D /* TPKeyboardAvoidingScrollView.h */,
				3F593F731D09B4750059745D /* TPKeyboardAvoidingScrollView.m */,
				3F593F741D09B4750059745D /* TPKeyboardAvoidingTableView.h */,
				3F593F751D09B4750059745D /* TPKeyboardAvoidingTableView.m */,
				3F593F761D09B4750059745D /* UIScrollView+TPKeyboardAvoidingAdditions.h */,
				3F593F771D09B4750059745D /* UIScrollView+TPKeyboardAvoidingAdditions.m */,
			);
			path = TPKeyboardAvoiding;
			sourceTree = "<group>";
		};
		3FD1633C1CF852F600862C77 /* Design Classes */ = {
			isa = PBXGroup;
			children = (
				3F7A12261CF88CB800AAD538 /* logoKaput.swift */,
				3F593F7E1D09EE420059745D /* BigNotifView.swift */,
				3F72E31F1D05CE1B00B44336 /* numberOfNotifications.swift */,
				3F593F0B1D0603A50059745D /* addButtonView.swift */,
				3FEDBCA51CFEFF0700A6C6C1 /* backButtonView.swift */,
				3FEDBC9F1CFEDFB700A6C6C1 /* kaputButton.swift */,
				3FEDBCA71CFF21FA00A6C6C1 /* kaputPrimaryButton.swift */,
				3FEDBCA91CFF253C00A6C6C1 /* kaputSecondaryButton.swift */,
				3FEDBCA11CFEE24000A6C6C1 /* kaputField.swift */,
			);
			name = "Design Classes";
			sourceTree = "<group>";
		};
		3FEDBC9A1CFEDAF500A6C6C1 /* Views */ = {
			isa = PBXGroup;
			children = (
				3FB496D01D0C8E17007AF1C8 /* AddFriendViewController.swift */,
				3F593F311D099F780059745D /* NotificationViewController.swift */,
				89139D931CF762D000DF4941 /* ViewController.swift */,
				3F593F7C1D09C7000059745D /* FriendListViewController.swift */,
				3FEDBC9B1CFEDB5600A6C6C1 /* SignUpViewController.swift */,
				3FEDBC9D1CFEDB9C00A6C6C1 /* SignInViewController.swift */,
			);
			name = Views;
			sourceTree = "<group>";
		};
		89139D851CF762CF00DF4941 = {
			isa = PBXGroup;
			children = (
				89139D901CF762D000DF4941 /* kaput */,
				89139D8F1CF762D000DF4941 /* Products */,
				89139DA71CF7636000DF4941 /* GoogleService-Info.plist */,
				1866139DC5AABD367B436585 /* Frameworks */,
				D213D2C960A6B84CD6961433 /* Pods */,
			);
			sourceTree = "<group>";
		};
		89139D8F1CF762D000DF4941 /* Products */ = {
			isa = PBXGroup;
			children = (
				89139D8E1CF762D000DF4941 /* kaput.app */,
			);
			name = Products;
			sourceTree = "<group>";
		};
		89139D901CF762D000DF4941 /* kaput */ = {
			isa = PBXGroup;
			children = (
				89139DB11CF7860900DF4941 /* StoryBoard */,
				3FD1633C1CF852F600862C77 /* Design Classes */,
				89139DA51CF7633800DF4941 /* GoogleService-Info.plist */,
				3FEDBC9A1CFEDAF500A6C6C1 /* Views */,
				89139D911CF762D000DF4941 /* AppDelegate.swift */,
				89139D981CF762D000DF4941 /* Assets.xcassets */,
				3FEDBCAD1CFF5C0900A6C6C1 /* AppIcon.appiconset */,
				89139D9A1CF762D000DF4941 /* LaunchScreen.storyboard */,
				89139D9D1CF762D000DF4941 /* Info.plist */,
				3FB496D41D0CF69E007AF1C8 /* FirebaseDataService.swift */,
				3F72D5421CF8A7C400EA43AF /* KaputStyleFactory.swift */,
				3FD1633A1CF8515200862C77 /* KaputStyle.swift */,
				3F7A12241CF8888C00AAD538 /* Futura_condensed_bold_oblique.ttf */,
			);
			path = kaput;
			sourceTree = "<group>";
		};
		89139DB11CF7860900DF4941 /* StoryBoard */ = {
			isa = PBXGroup;
			children = (
				8933D5E61D021F05006444E5 /* Main.storyboard */,
			);
			name = StoryBoard;
			sourceTree = "<group>";
		};
		D213D2C960A6B84CD6961433 /* Pods */ = {
			isa = PBXGroup;
			children = (
				2D3115685CE2B368AB11377B /* Pods-kaput.debug.xcconfig */,
				5FEC6DC235DC1FE3BCCBB6AA /* Pods-kaput.release.xcconfig */,
			);
			name = Pods;
			sourceTree = "<group>";
		};
/* End PBXGroup section */

/* Begin PBXNativeTarget section */
		89139D8D1CF762D000DF4941 /* kaput */ = {
			isa = PBXNativeTarget;
			buildConfigurationList = 89139DA01CF762D000DF4941 /* Build configuration list for PBXNativeTarget "kaput" */;
			buildPhases = (
				4F3B288BAD02CADAB8760325 /* 📦 Check Pods Manifest.lock */,
				89139D8A1CF762D000DF4941 /* Sources */,
				89139D8B1CF762D000DF4941 /* Frameworks */,
				89139D8C1CF762D000DF4941 /* Resources */,
				3FFAE4A41D10AA27008DE0C6 /* Embed Frameworks */,
				68B25F2179A27338863B6982 /* 📦 Embed Pods Frameworks */,
				3EAD7363E645B0ADDFBB34E0 /* 📦 Copy Pods Resources */,
			);
			buildRules = (
			);
			dependencies = (
			);
			name = kaput;
			productName = kaput;
			productReference = 89139D8E1CF762D000DF4941 /* kaput.app */;
			productType = "com.apple.product-type.application";
		};
/* End PBXNativeTarget section */

/* Begin PBXProject section */
		89139D861CF762CF00DF4941 /* Project object */ = {
			isa = PBXProject;
			attributes = {
				LastSwiftUpdateCheck = 0730;
				LastUpgradeCheck = 0730;
				ORGANIZATIONNAME = OPE50;
				TargetAttributes = {
					89139D8D1CF762D000DF4941 = {
						CreatedOnToolsVersion = 7.3;
						DevelopmentTeam = ZS2K7XBWJW;
						LastSwiftMigration = 0800;
						SystemCapabilities = {
							com.apple.BackgroundModes = {
								enabled = 1;
							};
							com.apple.Push = {
								enabled = 1;
							};
						};
					};
				};
			};
			buildConfigurationList = 89139D891CF762CF00DF4941 /* Build configuration list for PBXProject "kaput" */;
			compatibilityVersion = "Xcode 3.2";
			developmentRegion = English;
			hasScannedForEncodings = 0;
			knownRegions = (
				en,
				Base,
			);
			mainGroup = 89139D851CF762CF00DF4941;
			productRefGroup = 89139D8F1CF762D000DF4941 /* Products */;
			projectDirPath = "";
			projectRoot = "";
			targets = (
				89139D8D1CF762D000DF4941 /* kaput */,
			);
		};
/* End PBXProject section */

/* Begin PBXResourcesBuildPhase section */
		89139D8C1CF762D000DF4941 /* Resources */ = {
			isa = PBXResourcesBuildPhase;
			buildActionMask = 2147483647;
			files = (
				3F593F5E1D09A02A0059745D /* Info.plist in Resources */,
				3FEDBCAE1CFF5C0900A6C6C1 /* AppIcon.appiconset in Resources */,
				3F7A12251CF888AD00AAD538 /* Futura_condensed_bold_oblique.ttf in Resources */,
				89139D9C1CF762D000DF4941 /* LaunchScreen.storyboard in Resources */,
				8933D5E71D021F05006444E5 /* Main.storyboard in Resources */,
				89139DA61CF7633800DF4941 /* GoogleService-Info.plist in Resources */,
				3F593F611D09A02A0059745D /* LoadingView.xib in Resources */,
				89139DA81CF7636000DF4941 /* GoogleService-Info.plist in Resources */,
				89139D991CF762D000DF4941 /* Assets.xcassets in Resources */,
			);
			runOnlyForDeploymentPostprocessing = 0;
		};
/* End PBXResourcesBuildPhase section */

/* Begin PBXShellScriptBuildPhase section */
		3EAD7363E645B0ADDFBB34E0 /* 📦 Copy Pods Resources */ = {
			isa = PBXShellScriptBuildPhase;
			buildActionMask = 2147483647;
			files = (
			);
			inputPaths = (
			);
			name = "📦 Copy Pods Resources";
			outputPaths = (
			);
			runOnlyForDeploymentPostprocessing = 0;
			shellPath = /bin/sh;
			shellScript = "\"${SRCROOT}/Pods/Target Support Files/Pods-kaput/Pods-kaput-resources.sh\"\n";
			showEnvVarsInLog = 0;
		};
		4F3B288BAD02CADAB8760325 /* 📦 Check Pods Manifest.lock */ = {
			isa = PBXShellScriptBuildPhase;
			buildActionMask = 2147483647;
			files = (
			);
			inputPaths = (
			);
			name = "📦 Check Pods Manifest.lock";
			outputPaths = (
			);
			runOnlyForDeploymentPostprocessing = 0;
			shellPath = /bin/sh;
			shellScript = "diff \"${PODS_ROOT}/../Podfile.lock\" \"${PODS_ROOT}/Manifest.lock\" > /dev/null\nif [[ $? != 0 ]] ; then\n    cat << EOM\nerror: The sandbox is not in sync with the Podfile.lock. Run 'pod install' or update your CocoaPods installation.\nEOM\n    exit 1\nfi\n";
			showEnvVarsInLog = 0;
		};
		68B25F2179A27338863B6982 /* 📦 Embed Pods Frameworks */ = {
			isa = PBXShellScriptBuildPhase;
			buildActionMask = 2147483647;
			files = (
			);
			inputPaths = (
			);
			name = "📦 Embed Pods Frameworks";
			outputPaths = (
			);
			runOnlyForDeploymentPostprocessing = 0;
			shellPath = /bin/sh;
			shellScript = "\"${SRCROOT}/Pods/Target Support Files/Pods-kaput/Pods-kaput-frameworks.sh\"\n";
			showEnvVarsInLog = 0;
		};
/* End PBXShellScriptBuildPhase section */

/* Begin PBXSourcesBuildPhase section */
		89139D8A1CF762D000DF4941 /* Sources */ = {
			isa = PBXSourcesBuildPhase;
			buildActionMask = 2147483647;
			files = (
				3F593F621D09A02A0059745D /* Misc.swift in Sources */,
				3F593F651D09A02A0059745D /* SpringAnimation.swift in Sources */,
				3F593F581D09A02A0059745D /* DesignableLabel.swift in Sources */,
				3F593F631D09A02A0059745D /* SoundPlayer.swift in Sources */,
				3F593F5F1D09A02A0059745D /* KeyboardLayoutConstraint.swift in Sources */,
				3F593F671D09A02A0059745D /* SpringImageView.swift in Sources */,
				3FB496D51D0CF69E007AF1C8 /* FirebaseDataService.swift in Sources */,
				3F593F791D09B4750059745D /* TPKeyboardAvoidingScrollView.m in Sources */,
				3FEDBC9E1CFEDB9C00A6C6C1 /* SignInViewController.swift in Sources */,
				3F593F5A1D09A02A0059745D /* DesignableTextField.swift in Sources */,
				3FEDBCA81CFF21FA00A6C6C1 /* kaputPrimaryButton.swift in Sources */,
				3F593F561D09A02A0059745D /* DesignableButton.swift in Sources */,
				3F593F681D09A02A0059745D /* SpringLabel.swift in Sources */,
				3F593F521D09A02A0059745D /* AsyncButton.swift in Sources */,
				3FEDBCA61CFEFF0700A6C6C1 /* backButtonView.swift in Sources */,
				3F72D5431CF8A7C400EA43AF /* KaputStyleFactory.swift in Sources */,
				3FB496D11D0C8E17007AF1C8 /* AddFriendViewController.swift in Sources */,
				3F593F531D09A02A0059745D /* AsyncImageView.swift in Sources */,
				3FEDBC9C1CFEDB5600A6C6C1 /* SignUpViewController.swift in Sources */,
				3F7A12271CF88CB800AAD538 /* logoKaput.swift in Sources */,
				3F593F591D09A02A0059745D /* DesignableTabBarController.swift in Sources */,
				3F72E3201D05CE1B00B44336 /* numberOfNotifications.swift in Sources */,
				3F593F6C1D09A02A0059745D /* TransitionManager.swift in Sources */,
				3F593F5D1D09A02A0059745D /* ImageLoader.swift in Sources */,
				3F593F0C1D0603A50059745D /* addButtonView.swift in Sources */,
				3F593F7F1D09EE420059745D /* BigNotifView.swift in Sources */,
				3F593F571D09A02A0059745D /* DesignableImageView.swift in Sources */,
				3F593F541D09A02A0059745D /* AutoTextView.swift in Sources */,
				89139D941CF762D000DF4941 /* ViewController.swift in Sources */,
				3F593F781D09B4750059745D /* TPKeyboardAvoidingCollectionView.m in Sources */,
				3F593F6B1D09A02A0059745D /* SpringView.swift in Sources */,
				3F593F6D1D09A02A0059745D /* TransitionZoom.swift in Sources */,
				3FEDBCA21CFEE24000A6C6C1 /* kaputField.swift in Sources */,
				3F593F321D099F780059745D /* NotificationViewController.swift in Sources */,
				3F593F7B1D09B4750059745D /* UIScrollView+TPKeyboardAvoidingAdditions.m in Sources */,
				3FEDBCA01CFEDFB700A6C6C1 /* kaputButton.swift in Sources */,
				3F593F601D09A02A0059745D /* LoadingView.swift in Sources */,
				3FD1633B1CF8515200862C77 /* KaputStyle.swift in Sources */,
				3F593F661D09A02A0059745D /* SpringButton.swift in Sources */,
				3F593F551D09A02A0059745D /* BlurView.swift in Sources */,
				3F593F691D09A02A0059745D /* SpringTextField.swift in Sources */,
				3F593F6E1D09A02A0059745D /* UnwindSegue.swift in Sources */,
				3F593F6A1D09A02A0059745D /* SpringTextView.swift in Sources */,
				3F593F5B1D09A02A0059745D /* DesignableTextView.swift in Sources */,
				3F593F641D09A02A0059745D /* Spring.swift in Sources */,
				3FEDBCAA1CFF253C00A6C6C1 /* kaputSecondaryButton.swift in Sources */,
				3F593F7D1D09C7000059745D /* FriendListViewController.swift in Sources */,
				89139D921CF762D000DF4941 /* AppDelegate.swift in Sources */,
				3F593F5C1D09A02A0059745D /* DesignableView.swift in Sources */,
				3F593F7A1D09B4750059745D /* TPKeyboardAvoidingTableView.m in Sources */,
			);
			runOnlyForDeploymentPostprocessing = 0;
		};
/* End PBXSourcesBuildPhase section */

/* Begin PBXVariantGroup section */
		89139D9A1CF762D000DF4941 /* LaunchScreen.storyboard */ = {
			isa = PBXVariantGroup;
			children = (
				89139D9B1CF762D000DF4941 /* Base */,
			);
			name = LaunchScreen.storyboard;
			sourceTree = "<group>";
		};
/* End PBXVariantGroup section */

/* Begin XCBuildConfiguration section */
		89139D9E1CF762D000DF4941 /* Debug */ = {
			isa = XCBuildConfiguration;
			buildSettings = {
				ALWAYS_SEARCH_USER_PATHS = NO;
				CLANG_ANALYZER_NONNULL = YES;
				CLANG_CXX_LANGUAGE_STANDARD = "gnu++0x";
				CLANG_CXX_LIBRARY = "libc++";
				CLANG_ENABLE_MODULES = YES;
				CLANG_ENABLE_OBJC_ARC = YES;
				CLANG_WARN_BOOL_CONVERSION = YES;
				CLANG_WARN_CONSTANT_CONVERSION = YES;
				CLANG_WARN_DIRECT_OBJC_ISA_USAGE = YES_ERROR;
				CLANG_WARN_EMPTY_BODY = YES;
				CLANG_WARN_ENUM_CONVERSION = YES;
				CLANG_WARN_INT_CONVERSION = YES;
				CLANG_WARN_OBJC_ROOT_CLASS = YES_ERROR;
				CLANG_WARN_UNREACHABLE_CODE = YES;
				CLANG_WARN__DUPLICATE_METHOD_MATCH = YES;
				"CODE_SIGN_IDENTITY[sdk=iphoneos*]" = "iPhone Developer";
				COPY_PHASE_STRIP = NO;
				DEBUG_INFORMATION_FORMAT = dwarf;
				ENABLE_STRICT_OBJC_MSGSEND = YES;
				ENABLE_TESTABILITY = YES;
				GCC_C_LANGUAGE_STANDARD = gnu99;
				GCC_DYNAMIC_NO_PIC = NO;
				GCC_NO_COMMON_BLOCKS = YES;
				GCC_OPTIMIZATION_LEVEL = 0;
				GCC_PREPROCESSOR_DEFINITIONS = (
					"DEBUG=1",
					"$(inherited)",
				);
				GCC_WARN_64_TO_32_BIT_CONVERSION = YES;
				GCC_WARN_ABOUT_RETURN_TYPE = YES_ERROR;
				GCC_WARN_UNDECLARED_SELECTOR = YES;
				GCC_WARN_UNINITIALIZED_AUTOS = YES_AGGRESSIVE;
				GCC_WARN_UNUSED_FUNCTION = YES;
				GCC_WARN_UNUSED_VARIABLE = YES;
				IPHONEOS_DEPLOYMENT_TARGET = 9.3;
				MTL_ENABLE_DEBUG_INFO = YES;
				ONLY_ACTIVE_ARCH = YES;
				SDKROOT = iphoneos;
				SWIFT_OPTIMIZATION_LEVEL = "-Onone";
			};
			name = Debug;
		};
		89139D9F1CF762D000DF4941 /* Release */ = {
			isa = XCBuildConfiguration;
			buildSettings = {
				ALWAYS_SEARCH_USER_PATHS = NO;
				CLANG_ANALYZER_NONNULL = YES;
				CLANG_CXX_LANGUAGE_STANDARD = "gnu++0x";
				CLANG_CXX_LIBRARY = "libc++";
				CLANG_ENABLE_MODULES = YES;
				CLANG_ENABLE_OBJC_ARC = YES;
				CLANG_WARN_BOOL_CONVERSION = YES;
				CLANG_WARN_CONSTANT_CONVERSION = YES;
				CLANG_WARN_DIRECT_OBJC_ISA_USAGE = YES_ERROR;
				CLANG_WARN_EMPTY_BODY = YES;
				CLANG_WARN_ENUM_CONVERSION = YES;
				CLANG_WARN_INT_CONVERSION = YES;
				CLANG_WARN_OBJC_ROOT_CLASS = YES_ERROR;
				CLANG_WARN_UNREACHABLE_CODE = YES;
				CLANG_WARN__DUPLICATE_METHOD_MATCH = YES;
				"CODE_SIGN_IDENTITY[sdk=iphoneos*]" = "iPhone Developer";
				COPY_PHASE_STRIP = NO;
				DEBUG_INFORMATION_FORMAT = "dwarf-with-dsym";
				ENABLE_NS_ASSERTIONS = NO;
				ENABLE_STRICT_OBJC_MSGSEND = YES;
				GCC_C_LANGUAGE_STANDARD = gnu99;
				GCC_NO_COMMON_BLOCKS = YES;
				GCC_WARN_64_TO_32_BIT_CONVERSION = YES;
				GCC_WARN_ABOUT_RETURN_TYPE = YES_ERROR;
				GCC_WARN_UNDECLARED_SELECTOR = YES;
				GCC_WARN_UNINITIALIZED_AUTOS = YES_AGGRESSIVE;
				GCC_WARN_UNUSED_FUNCTION = YES;
				GCC_WARN_UNUSED_VARIABLE = YES;
				IPHONEOS_DEPLOYMENT_TARGET = 9.3;
				MTL_ENABLE_DEBUG_INFO = NO;
				SDKROOT = iphoneos;
				VALIDATE_PRODUCT = YES;
			};
			name = Release;
		};
		89139DA11CF762D000DF4941 /* Debug */ = {
			isa = XCBuildConfiguration;
			baseConfigurationReference = 2D3115685CE2B368AB11377B /* Pods-kaput.debug.xcconfig */;
			buildSettings = {
				ASSETCATALOG_COMPILER_APPICON_NAME = AppIcon;
				CODE_SIGN_IDENTITY = "iPhone Developer";
				"CODE_SIGN_IDENTITY[sdk=iphoneos*]" = "iPhone Developer";
				INFOPLIST_FILE = kaput/Info.plist;
				IPHONEOS_DEPLOYMENT_TARGET = 9.3;
				LD_RUNPATH_SEARCH_PATHS = "$(inherited) @executable_path/Frameworks";
				PRODUCT_BUNDLE_IDENTIFIER = com.kaput.ope50;
				PRODUCT_NAME = "$(TARGET_NAME)";
				PROVISIONING_PROFILE = "";
				SWIFT_VERSION = 2.3;
			};
			name = Debug;
		};
		89139DA21CF762D000DF4941 /* Release */ = {
			isa = XCBuildConfiguration;
			baseConfigurationReference = 5FEC6DC235DC1FE3BCCBB6AA /* Pods-kaput.release.xcconfig */;
			buildSettings = {
				ASSETCATALOG_COMPILER_APPICON_NAME = AppIcon;
				CODE_SIGN_IDENTITY = "iPhone Developer";
				"CODE_SIGN_IDENTITY[sdk=iphoneos*]" = "iPhone Developer";
				INFOPLIST_FILE = kaput/Info.plist;
				IPHONEOS_DEPLOYMENT_TARGET = 9.3;
				LD_RUNPATH_SEARCH_PATHS = "$(inherited) @executable_path/Frameworks";
				PRODUCT_BUNDLE_IDENTIFIER = com.kaput.ope50;
				PRODUCT_NAME = "$(TARGET_NAME)";
				PROVISIONING_PROFILE = "";
				SWIFT_VERSION = 2.3;
			};
			name = Release;
		};
/* End XCBuildConfiguration section */

/* Begin XCConfigurationList section */
		89139D891CF762CF00DF4941 /* Build configuration list for PBXProject "kaput" */ = {
			isa = XCConfigurationList;
			buildConfigurations = (
				89139D9E1CF762D000DF4941 /* Debug */,
				89139D9F1CF762D000DF4941 /* Release */,
			);
			defaultConfigurationIsVisible = 0;
			defaultConfigurationName = Release;
		};
		89139DA01CF762D000DF4941 /* Build configuration list for PBXNativeTarget "kaput" */ = {
			isa = XCConfigurationList;
			buildConfigurations = (
				89139DA11CF762D000DF4941 /* Debug */,
				89139DA21CF762D000DF4941 /* Release */,
			);
			defaultConfigurationIsVisible = 0;
			defaultConfigurationName = Release;
		};
/* End XCConfigurationList section */
	};
	rootObject = 89139D861CF762CF00DF4941 /* Project object */;
}
