// !$*UTF8*$!
{
	archiveVersion = 1;
	classes = {
	};
	objectVersion = 46;
	objects = {

/* Begin PBXBuildFile section */
		69F8C8E621578B7FCA0CAC4E /* libPods-kaput.a in Frameworks */ = {isa = PBXBuildFile; fileRef = BB0D374E01A48B253D3E9FEA /* libPods-kaput.a */; };
		89139D921CF762D000DF4941 /* AppDelegate.swift in Sources */ = {isa = PBXBuildFile; fileRef = 89139D911CF762D000DF4941 /* AppDelegate.swift */; };
		89139D941CF762D000DF4941 /* ViewController.swift in Sources */ = {isa = PBXBuildFile; fileRef = 89139D931CF762D000DF4941 /* ViewController.swift */; };
		89139D971CF762D000DF4941 /* Main.storyboard in Resources */ = {isa = PBXBuildFile; fileRef = 89139D951CF762D000DF4941 /* Main.storyboard */; };
		89139D991CF762D000DF4941 /* Assets.xcassets in Resources */ = {isa = PBXBuildFile; fileRef = 89139D981CF762D000DF4941 /* Assets.xcassets */; };
		89139D9C1CF762D000DF4941 /* LaunchScreen.storyboard in Resources */ = {isa = PBXBuildFile; fileRef = 89139D9A1CF762D000DF4941 /* LaunchScreen.storyboard */; };
		89139DA61CF7633800DF4941 /* GoogleService-Info.plist in Resources */ = {isa = PBXBuildFile; fileRef = 89139DA51CF7633800DF4941 /* GoogleService-Info.plist */; };
		89139DA81CF7636000DF4941 /* GoogleService-Info.plist in Resources */ = {isa = PBXBuildFile; fileRef = 89139DA71CF7636000DF4941 /* GoogleService-Info.plist */; };
/* End PBXBuildFile section */

/* Begin PBXFileReference section */
		1EB6E4B62519942A659B756B /* Pods-kaput.debug.xcconfig */ = {isa = PBXFileReference; includeInIndex = 1; lastKnownFileType = text.xcconfig; name = "Pods-kaput.debug.xcconfig"; path = "Pods/Target Support Files/Pods-kaput/Pods-kaput.debug.xcconfig"; sourceTree = "<group>"; };
		5100D028905F27236E71C3CF /* Pods-kaput.release.xcconfig */ = {isa = PBXFileReference; includeInIndex = 1; lastKnownFileType = text.xcconfig; name = "Pods-kaput.release.xcconfig"; path = "Pods/Target Support Files/Pods-kaput/Pods-kaput.release.xcconfig"; sourceTree = "<group>"; };
		89139D8E1CF762D000DF4941 /* kaput.app */ = {isa = PBXFileReference; explicitFileType = wrapper.application; includeInIndex = 0; path = kaput.app; sourceTree = BUILT_PRODUCTS_DIR; };
		89139D911CF762D000DF4941 /* AppDelegate.swift */ = {isa = PBXFileReference; lastKnownFileType = sourcecode.swift; path = AppDelegate.swift; sourceTree = "<group>"; };
		89139D931CF762D000DF4941 /* ViewController.swift */ = {isa = PBXFileReference; lastKnownFileType = sourcecode.swift; path = ViewController.swift; sourceTree = "<group>"; };
		89139D961CF762D000DF4941 /* Base */ = {isa = PBXFileReference; lastKnownFileType = file.storyboard; name = Base; path = Base.lproj/Main.storyboard; sourceTree = "<group>"; };
		89139D981CF762D000DF4941 /* Assets.xcassets */ = {isa = PBXFileReference; lastKnownFileType = folder.assetcatalog; path = Assets.xcassets; sourceTree = "<group>"; };
		89139D9B1CF762D000DF4941 /* Base */ = {isa = PBXFileReference; lastKnownFileType = file.storyboard; name = Base; path = Base.lproj/LaunchScreen.storyboard; sourceTree = "<group>"; };
		89139D9D1CF762D000DF4941 /* Info.plist */ = {isa = PBXFileReference; lastKnownFileType = text.plist.xml; path = Info.plist; sourceTree = "<group>"; };
		89139DA51CF7633800DF4941 /* GoogleService-Info.plist */ = {isa = PBXFileReference; fileEncoding = 4; lastKnownFileType = text.plist.xml; name = "GoogleService-Info.plist"; path = "../GoogleService-Info.plist"; sourceTree = "<group>"; };
		89139DA71CF7636000DF4941 /* GoogleService-Info.plist */ = {isa = PBXFileReference; fileEncoding = 4; lastKnownFileType = text.plist.xml; path = "GoogleService-Info.plist"; sourceTree = "<group>"; };
		BB0D374E01A48B253D3E9FEA /* libPods-kaput.a */ = {isa = PBXFileReference; explicitFileType = archive.ar; includeInIndex = 0; path = "libPods-kaput.a"; sourceTree = BUILT_PRODUCTS_DIR; };
/* End PBXFileReference section */

/* Begin PBXFrameworksBuildPhase section */
		89139D8B1CF762D000DF4941 /* Frameworks */ = {
			isa = PBXFrameworksBuildPhase;
			buildActionMask = 2147483647;
			files = (
				69F8C8E621578B7FCA0CAC4E /* libPods-kaput.a in Frameworks */,
			);
			runOnlyForDeploymentPostprocessing = 0;
		};
/* End PBXFrameworksBuildPhase section */

/* Begin PBXGroup section */
		1866139DC5AABD367B436585 /* Frameworks */ = {
			isa = PBXGroup;
			children = (
				BB0D374E01A48B253D3E9FEA /* libPods-kaput.a */,
			);
			name = Frameworks;
			sourceTree = "<group>";
		};
		252F15970A6DFCB3B612A9F6 /* Pods */ = {
			isa = PBXGroup;
			children = (
				1EB6E4B62519942A659B756B /* Pods-kaput.debug.xcconfig */,
				5100D028905F27236E71C3CF /* Pods-kaput.release.xcconfig */,
			);
			name = Pods;
			sourceTree = "<group>";
		};
		89139D851CF762CF00DF4941 = {
			isa = PBXGroup;
			children = (
				89139D901CF762D000DF4941 /* kaput */,
				89139D8F1CF762D000DF4941 /* Products */,
				89139DA71CF7636000DF4941 /* GoogleService-Info.plist */,
				252F15970A6DFCB3B612A9F6 /* Pods */,
				1866139DC5AABD367B436585 /* Frameworks */,
			);
			sourceTree = "<group>";
		};
		89139D8F1CF762D000DF4941 /* Products */ = {
			isa = PBXGroup;
			children = (
				89139D8E1CF762D000DF4941 /* kaput.app */,
			);
			name = Products;
			sourceTree = "<group>";
		};
		89139D901CF762D000DF4941 /* kaput */ = {
			isa = PBXGroup;
			children = (
				89139DA51CF7633800DF4941 /* GoogleService-Info.plist */,
				89139D911CF762D000DF4941 /* AppDelegate.swift */,
				89139D931CF762D000DF4941 /* ViewController.swift */,
				89139D951CF762D000DF4941 /* Main.storyboard */,
				89139D981CF762D000DF4941 /* Assets.xcassets */,
				89139D9A1CF762D000DF4941 /* LaunchScreen.storyboard */,
				89139D9D1CF762D000DF4941 /* Info.plist */,
			);
			path = kaput;
			sourceTree = "<group>";
		};
/* End PBXGroup section */

/* Begin PBXNativeTarget section */
		89139D8D1CF762D000DF4941 /* kaput */ = {
			isa = PBXNativeTarget;
			buildConfigurationList = 89139DA01CF762D000DF4941 /* Build configuration list for PBXNativeTarget "kaput" */;
			buildPhases = (
				758685B07BD4B046996EC5A2 /* Check Pods Manifest.lock */,
				89139D8A1CF762D000DF4941 /* Sources */,
				89139D8B1CF762D000DF4941 /* Frameworks */,
				89139D8C1CF762D000DF4941 /* Resources */,
				A90BD526C375070DD7FD81A9 /* Embed Pods Frameworks */,
				B3EC0FC1EF4DB901DEC67976 /* Copy Pods Resources */,
			);
			buildRules = (
			);
			dependencies = (
			);
			name = kaput;
			productName = kaput;
			productReference = 89139D8E1CF762D000DF4941 /* kaput.app */;
			productType = "com.apple.product-type.application";
		};
/* End PBXNativeTarget section */

/* Begin PBXProject section */
		89139D861CF762CF00DF4941 /* Project object */ = {
			isa = PBXProject;
			attributes = {
				LastSwiftUpdateCheck = 0730;
				LastUpgradeCheck = 0730;
				ORGANIZATIONNAME = OPE50;
				TargetAttributes = {
					89139D8D1CF762D000DF4941 = {
						CreatedOnToolsVersion = 7.3;
					};
				};
			};
			buildConfigurationList = 89139D891CF762CF00DF4941 /* Build configuration list for PBXProject "kaput" */;
			compatibilityVersion = "Xcode 3.2";
			developmentRegion = English;
			hasScannedForEncodings = 0;
			knownRegions = (
				en,
				Base,
			);
			mainGroup = 89139D851CF762CF00DF4941;
			productRefGroup = 89139D8F1CF762D000DF4941 /* Products */;
			projectDirPath = "";
			projectRoot = "";
			targets = (
				89139D8D1CF762D000DF4941 /* kaput */,
			);
		};
/* End PBXProject section */

/* Begin PBXResourcesBuildPhase section */
		89139D8C1CF762D000DF4941 /* Resources */ = {
			isa = PBXResourcesBuildPhase;
			buildActionMask = 2147483647;
			files = (
				89139D9C1CF762D000DF4941 /* LaunchScreen.storyboard in Resources */,
				89139DA61CF7633800DF4941 /* GoogleService-Info.plist in Resources */,
				89139DA81CF7636000DF4941 /* GoogleService-Info.plist in Resources */,
				89139D991CF762D000DF4941 /* Assets.xcassets in Resources */,
				89139D971CF762D000DF4941 /* Main.storyboard in Resources */,
			);
			runOnlyForDeploymentPostprocessing = 0;
		};
/* End PBXResourcesBuildPhase section */

/* Begin PBXShellScriptBuildPhase section */
		758685B07BD4B046996EC5A2 /* Check Pods Manifest.lock */ = {
			isa = PBXShellScriptBuildPhase;
			buildActionMask = 2147483647;
			files = (
			);
			inputPaths = (
			);
			name = "Check Pods Manifest.lock";
			outputPaths = (
			);
			runOnlyForDeploymentPostprocessing = 0;
			shellPath = /bin/sh;
			shellScript = "diff \"${PODS_ROOT}/../Podfile.lock\" \"${PODS_ROOT}/Manifest.lock\" > /dev/null\nif [[ $? != 0 ]] ; then\n    cat << EOM\nerror: The sandbox is not in sync with the Podfile.lock. Run 'pod install' or update your CocoaPods installation.\nEOM\n    exit 1\nfi\n";
			showEnvVarsInLog = 0;
		};
		A90BD526C375070DD7FD81A9 /* Embed Pods Frameworks */ = {
			isa = PBXShellScriptBuildPhase;
			buildActionMask = 2147483647;
			files = (
			);
			inputPaths = (
			);
			name = "Embed Pods Frameworks";
			outputPaths = (
			);
			runOnlyForDeploymentPostprocessing = 0;
			shellPath = /bin/sh;
			shellScript = "\"${SRCROOT}/Pods/Target Support Files/Pods-kaput/Pods-kaput-frameworks.sh\"\n";
			showEnvVarsInLog = 0;
		};
		B3EC0FC1EF4DB901DEC67976 /* Copy Pods Resources */ = {
			isa = PBXShellScriptBuildPhase;
			buildActionMask = 2147483647;
			files = (
			);
			inputPaths = (
			);
			name = "Copy Pods Resources";
			outputPaths = (
			);
			runOnlyForDeploymentPostprocessing = 0;
			shellPath = /bin/sh;
			shellScript = "\"${SRCROOT}/Pods/Target Support Files/Pods-kaput/Pods-kaput-resources.sh\"\n";
			showEnvVarsInLog = 0;
		};
/* End PBXShellScriptBuildPhase section */

/* Begin PBXSourcesBuildPhase section */
		89139D8A1CF762D000DF4941 /* Sources */ = {
			isa = PBXSourcesBuildPhase;
			buildActionMask = 2147483647;
			files = (
				89139D941CF762D000DF4941 /* ViewController.swift in Sources */,
				89139D921CF762D000DF4941 /* AppDelegate.swift in Sources */,
			);
			runOnlyForDeploymentPostprocessing = 0;
		};
/* End PBXSourcesBuildPhase section */

/* Begin PBXVariantGroup section */
		89139D951CF762D000DF4941 /* Main.storyboard */ = {
			isa = PBXVariantGroup;
			children = (
				89139D961CF762D000DF4941 /* Base */,
			);
			name = Main.storyboard;
			sourceTree = "<group>";
		};
		89139D9A1CF762D000DF4941 /* LaunchScreen.storyboard */ = {
			isa = PBXVariantGroup;
			children = (
				89139D9B1CF762D000DF4941 /* Base */,
			);
			name = LaunchScreen.storyboard;
			sourceTree = "<group>";
		};
/* End PBXVariantGroup section */

/* Begin XCBuildConfiguration section */
		89139D9E1CF762D000DF4941 /* Debug */ = {
			isa = XCBuildConfiguration;
			buildSettings = {
				ALWAYS_SEARCH_USER_PATHS = NO;
				CLANG_ANALYZER_NONNULL = YES;
				CLANG_CXX_LANGUAGE_STANDARD = "gnu++0x";
				CLANG_CXX_LIBRARY = "libc++";
				CLANG_ENABLE_MODULES = YES;
				CLANG_ENABLE_OBJC_ARC = YES;
				CLANG_WARN_BOOL_CONVERSION = YES;
				CLANG_WARN_CONSTANT_CONVERSION = YES;
				CLANG_WARN_DIRECT_OBJC_ISA_USAGE = YES_ERROR;
				CLANG_WARN_EMPTY_BODY = YES;
				CLANG_WARN_ENUM_CONVERSION = YES;
				CLANG_WARN_INT_CONVERSION = YES;
				CLANG_WARN_OBJC_ROOT_CLASS = YES_ERROR;
				CLANG_WARN_UNREACHABLE_CODE = YES;
				CLANG_WARN__DUPLICATE_METHOD_MATCH = YES;
				"CODE_SIGN_IDENTITY[sdk=iphoneos*]" = "iPhone Developer";
				COPY_PHASE_STRIP = NO;
				DEBUG_INFORMATION_FORMAT = dwarf;
				ENABLE_STRICT_OBJC_MSGSEND = YES;
				ENABLE_TESTABILITY = YES;
				GCC_C_LANGUAGE_STANDARD = gnu99;
				GCC_DYNAMIC_NO_PIC = NO;
				GCC_NO_COMMON_BLOCKS = YES;
				GCC_OPTIMIZATION_LEVEL = 0;
				GCC_PREPROCESSOR_DEFINITIONS = (
					"DEBUG=1",
					"$(inherited)",
				);
				GCC_WARN_64_TO_32_BIT_CONVERSION = YES;
				GCC_WARN_ABOUT_RETURN_TYPE = YES_ERROR;
				GCC_WARN_UNDECLARED_SELECTOR = YES;
				GCC_WARN_UNINITIALIZED_AUTOS = YES_AGGRESSIVE;
				GCC_WARN_UNUSED_FUNCTION = YES;
				GCC_WARN_UNUSED_VARIABLE = YES;
				IPHONEOS_DEPLOYMENT_TARGET = 9.3;
				MTL_ENABLE_DEBUG_INFO = YES;
				ONLY_ACTIVE_ARCH = YES;
				SDKROOT = iphoneos;
				SWIFT_OPTIMIZATION_LEVEL = "-Onone";
			};
			name = Debug;
		};
		89139D9F1CF762D000DF4941 /* Release */ = {
			isa = XCBuildConfiguration;
			buildSettings = {
				ALWAYS_SEARCH_USER_PATHS = NO;
				CLANG_ANALYZER_NONNULL = YES;
				CLANG_CXX_LANGUAGE_STANDARD = "gnu++0x";
				CLANG_CXX_LIBRARY = "libc++";
				CLANG_ENABLE_MODULES = YES;
				CLANG_ENABLE_OBJC_ARC = YES;
				CLANG_WARN_BOOL_CONVERSION = YES;
				CLANG_WARN_CONSTANT_CONVERSION = YES;
				CLANG_WARN_DIRECT_OBJC_ISA_USAGE = YES_ERROR;
				CLANG_WARN_EMPTY_BODY = YES;
				CLANG_WARN_ENUM_CONVERSION = YES;
				CLANG_WARN_INT_CONVERSION = YES;
				CLANG_WARN_OBJC_ROOT_CLASS = YES_ERROR;
				CLANG_WARN_UNREACHABLE_CODE = YES;
				CLANG_WARN__DUPLICATE_METHOD_MATCH = YES;
				"CODE_SIGN_IDENTITY[sdk=iphoneos*]" = "iPhone Developer";
				COPY_PHASE_STRIP = NO;
				DEBUG_INFORMATION_FORMAT = "dwarf-with-dsym";
				ENABLE_NS_ASSERTIONS = NO;
				ENABLE_STRICT_OBJC_MSGSEND = YES;
				GCC_C_LANGUAGE_STANDARD = gnu99;
				GCC_NO_COMMON_BLOCKS = YES;
				GCC_WARN_64_TO_32_BIT_CONVERSION = YES;
				GCC_WARN_ABOUT_RETURN_TYPE = YES_ERROR;
				GCC_WARN_UNDECLARED_SELECTOR = YES;
				GCC_WARN_UNINITIALIZED_AUTOS = YES_AGGRESSIVE;
				GCC_WARN_UNUSED_FUNCTION = YES;
				GCC_WARN_UNUSED_VARIABLE = YES;
				IPHONEOS_DEPLOYMENT_TARGET = 9.3;
				MTL_ENABLE_DEBUG_INFO = NO;
				SDKROOT = iphoneos;
				VALIDATE_PRODUCT = YES;
			};
			name = Release;
		};
		89139DA11CF762D000DF4941 /* Debug */ = {
			isa = XCBuildConfiguration;
			baseConfigurationReference = 1EB6E4B62519942A659B756B /* Pods-kaput.debug.xcconfig */;
			buildSettings = {
				ASSETCATALOG_COMPILER_APPICON_NAME = AppIcon;
				INFOPLIST_FILE = kaput/Info.plist;
				LD_RUNPATH_SEARCH_PATHS = "$(inherited) @executable_path/Frameworks";
				PRODUCT_BUNDLE_IDENTIFIER = com.kaput.ios;
				PRODUCT_NAME = "$(TARGET_NAME)";
			};
			name = Debug;
		};
		89139DA21CF762D000DF4941 /* Release */ = {
			isa = XCBuildConfiguration;
			baseConfigurationReference = 5100D028905F27236E71C3CF /* Pods-kaput.release.xcconfig */;
			buildSettings = {
				ASSETCATALOG_COMPILER_APPICON_NAME = AppIcon;
				INFOPLIST_FILE = kaput/Info.plist;
				LD_RUNPATH_SEARCH_PATHS = "$(inherited) @executable_path/Frameworks";
				PRODUCT_BUNDLE_IDENTIFIER = com.kaput.ios;
				PRODUCT_NAME = "$(TARGET_NAME)";
			};
			name = Release;
		};
/* End XCBuildConfiguration section */

/* Begin XCConfigurationList section */
		89139D891CF762CF00DF4941 /* Build configuration list for PBXProject "kaput" */ = {
			isa = XCConfigurationList;
			buildConfigurations = (
				89139D9E1CF762D000DF4941 /* Debug */,
				89139D9F1CF762D000DF4941 /* Release */,
			);
			defaultConfigurationIsVisible = 0;
			defaultConfigurationName = Release;
		};
		89139DA01CF762D000DF4941 /* Build configuration list for PBXNativeTarget "kaput" */ = {
			isa = XCConfigurationList;
			buildConfigurations = (
				89139DA11CF762D000DF4941 /* Debug */,
				89139DA21CF762D000DF4941 /* Release */,
			);
			defaultConfigurationIsVisible = 0;
			defaultConfigurationName = Release;
		};
/* End XCConfigurationList section */
	};
	rootObject = 89139D861CF762CF00DF4941 /* Project object */;
}
